Microsoft Visual Studio Solution File, Format Version 12.00
# Visual Studio Version 17
VisualStudioVersion = 17.5.2.0
MinimumVisualStudioVersion = 10.0.40219.1
Project("{FAE04EC0-301F-11D3-BF4B-00C04F79EFBC}") = "highlight-on-copy", "highlight-on-copy.csproj", "{E840A71D-1E52-49AB-23A6-ACEF23C36FA4}"
EndProject
Global
	GlobalSection(SolutionConfigurationPlatforms) = preSolution
		Debug|Any CPU = Debug|Any CPU
		Release|Any CPU = Release|Any CPU
	EndGlobalSection
	GlobalSection(ProjectConfigurationPlatforms) = postSolution
		{E840A71D-1E52-49AB-23A6-ACEF23C36FA4}.Debug|Any CPU.ActiveCfg = Debug|Any CPU
		{E840A71D-1E52-49AB-23A6-ACEF23C36FA4}.Debug|Any CPU.Build.0 = Debug|Any CPU
		{E840A71D-1E52-49AB-23A6-ACEF23C36FA4}.Release|Any CPU.ActiveCfg = Release|Any CPU
		{E840A71D-1E52-49AB-23A6-ACEF23C36FA4}.Release|Any CPU.Build.0 = Release|Any CPU
	EndGlobalSection
	GlobalSection(SolutionProperties) = preSolution
		HideSolutionNode = FALSE
	EndGlobalSection
	GlobalSection(ExtensibilityGlobals) = postSolution
		SolutionGuid = {F4DB7D39-039F-405B-86BB-7E1CF2B2BEE7}
	EndGlobalSection
EndGlobal
